// !$*UTF8*$!
{
	archiveVersion = 1;
	classes = {
	};
	objectVersion = 46;
	objects = {

/* Begin PBXBuildFile section */
		C27D20B71E1FC39E00FE47B8 /* AppDelegate.swift in Sources */ = {isa = PBXBuildFile; fileRef = C27D20B61E1FC39E00FE47B8 /* AppDelegate.swift */; };
		C27D20B91E1FC39E00FE47B8 /* ViewController.swift in Sources */ = {isa = PBXBuildFile; fileRef = C27D20B81E1FC39E00FE47B8 /* ViewController.swift */; };
		C27D20BC1E1FC39E00FE47B8 /* Main.storyboard in Resources */ = {isa = PBXBuildFile; fileRef = C27D20BA1E1FC39E00FE47B8 /* Main.storyboard */; };
		C27D20BE1E1FC39E00FE47B8 /* Assets.xcassets in Resources */ = {isa = PBXBuildFile; fileRef = C27D20BD1E1FC39E00FE47B8 /* Assets.xcassets */; };
		C27D20C11E1FC39E00FE47B8 /* LaunchScreen.storyboard in Resources */ = {isa = PBXBuildFile; fileRef = C27D20BF1E1FC39E00FE47B8 /* LaunchScreen.storyboard */; };
		C27D20CC1E1FC39E00FE47B8 /* RetroCalculatorTests.swift in Sources */ = {isa = PBXBuildFile; fileRef = C27D20CB1E1FC39E00FE47B8 /* RetroCalculatorTests.swift */; };
		C27D20D71E1FC39E00FE47B8 /* RetroCalculatorUITests.swift in Sources */ = {isa = PBXBuildFile; fileRef = C27D20D61E1FC39E00FE47B8 /* RetroCalculatorUITests.swift */; };
/* End PBXBuildFile section */

/* Begin PBXContainerItemProxy section */
		C27D20C81E1FC39E00FE47B8 /* PBXContainerItemProxy */ = {
			isa = PBXContainerItemProxy;
			containerPortal = C27D20AB1E1FC39E00FE47B8 /* Project object */;
			proxyType = 1;
			remoteGlobalIDString = C27D20B21E1FC39E00FE47B8;
			remoteInfo = RetroCalculator;
		};
		C27D20D31E1FC39E00FE47B8 /* PBXContainerItemProxy */ = {
			isa = PBXContainerItemProxy;
			containerPortal = C27D20AB1E1FC39E00FE47B8 /* Project object */;
			proxyType = 1;
			remoteGlobalIDString = C27D20B21E1FC39E00FE47B8;
			remoteInfo = RetroCalculator;
		};
/* End PBXContainerItemProxy section */

/* Begin PBXFileReference section */
		C27D20B31E1FC39E00FE47B8 /* RetroCalculator.app */ = {isa = PBXFileReference; explicitFileType = wrapper.application; includeInIndex = 0; path = RetroCalculator.app; sourceTree = BUILT_PRODUCTS_DIR; };
		C27D20B61E1FC39E00FE47B8 /* AppDelegate.swift */ = {isa = PBXFileReference; lastKnownFileType = sourcecode.swift; path = AppDelegate.swift; sourceTree = "<group>"; };
		C27D20B81E1FC39E00FE47B8 /* ViewController.swift */ = {isa = PBXFileReference; lastKnownFileType = sourcecode.swift; path = ViewController.swift; sourceTree = "<group>"; };
		C27D20BB1E1FC39E00FE47B8 /* Base */ = {isa = PBXFileReference; lastKnownFileType = file.storyboard; name = Base; path = Base.lproj/Main.storyboard; sourceTree = "<group>"; };
		C27D20BD1E1FC39E00FE47B8 /* Assets.xcassets */ = {isa = PBXFileReference; lastKnownFileType = folder.assetcatalog; path = Assets.xcassets; sourceTree = "<group>"; };
		C27D20C01E1FC39E00FE47B8 /* Base */ = {isa = PBXFileReference; lastKnownFileType = file.storyboard; name = Base; path = Base.lproj/LaunchScreen.storyboard; sourceTree = "<group>"; };
		C27D20C21E1FC39E00FE47B8 /* Info.plist */ = {isa = PBXFileReference; lastKnownFileType = text.plist.xml; path = Info.plist; sourceTree = "<group>"; };
		C27D20C71E1FC39E00FE47B8 /* RetroCalculatorTests.xctest */ = {isa = PBXFileReference; explicitFileType = wrapper.cfbundle; includeInIndex = 0; path = RetroCalculatorTests.xctest; sourceTree = BUILT_PRODUCTS_DIR; };
		C27D20CB1E1FC39E00FE47B8 /* RetroCalculatorTests.swift */ = {isa = PBXFileReference; lastKnownFileType = sourcecode.swift; path = RetroCalculatorTests.swift; sourceTree = "<group>"; };
		C27D20CD1E1FC39E00FE47B8 /* Info.plist */ = {isa = PBXFileReference; lastKnownFileType = text.plist.xml; path = Info.plist; sourceTree = "<group>"; };
		C27D20D21E1FC39E00FE47B8 /* RetroCalculatorUITests.xctest */ = {isa = PBXFileReference; explicitFileType = wrapper.cfbundle; includeInIndex = 0; path = RetroCalculatorUITests.xctest; sourceTree = BUILT_PRODUCTS_DIR; };
		C27D20D61E1FC39E00FE47B8 /* RetroCalculatorUITests.swift */ = {isa = PBXFileReference; lastKnownFileType = sourcecode.swift; path = RetroCalculatorUITests.swift; sourceTree = "<group>"; };
		C27D20D81E1FC39E00FE47B8 /* Info.plist */ = {isa = PBXFileReference; lastKnownFileType = text.plist.xml; path = Info.plist; sourceTree = "<group>"; };
/* End PBXFileReference section */

/* Begin PBXFrameworksBuildPhase section */
		C27D20B01E1FC39E00FE47B8 /* Frameworks */ = {
			isa = PBXFrameworksBuildPhase;
			buildActionMask = 2147483647;
			files = (
			);
			runOnlyForDeploymentPostprocessing = 0;
		};
		C27D20C41E1FC39E00FE47B8 /* Frameworks */ = {
			isa = PBXFrameworksBuildPhase;
			buildActionMask = 2147483647;
			files = (
			);
			runOnlyForDeploymentPostprocessing = 0;
		};
		C27D20CF1E1FC39E00FE47B8 /* Frameworks */ = {
			isa = PBXFrameworksBuildPhase;
			buildActionMask = 2147483647;
			files = (
			);
			runOnlyForDeploymentPostprocessing = 0;
		};
/* End PBXFrameworksBuildPhase section */

/* Begin PBXGroup section */
		C27D20AA1E1FC39E00FE47B8 = {
			isa = PBXGroup;
			children = (
				C27D20B51E1FC39E00FE47B8 /* RetroCalculator */,
				C27D20CA1E1FC39E00FE47B8 /* RetroCalculatorTests */,
				C27D20D51E1FC39E00FE47B8 /* RetroCalculatorUITests */,
				C27D20B41E1FC39E00FE47B8 /* Products */,
			);
			sourceTree = "<group>";
		};
		C27D20B41E1FC39E00FE47B8 /* Products */ = {
			isa = PBXGroup;
			children = (
				C27D20B31E1FC39E00FE47B8 /* RetroCalculator.app */,
				C27D20C71E1FC39E00FE47B8 /* RetroCalculatorTests.xctest */,
				C27D20D21E1FC39E00FE47B8 /* RetroCalculatorUITests.xctest */,
			);
			name = Products;
			sourceTree = "<group>";
		};
		C27D20B51E1FC39E00FE47B8 /* RetroCalculator */ = {
			isa = PBXGroup;
			children = (
				C27D20B61E1FC39E00FE47B8 /* AppDelegate.swift */,
				C27D20B81E1FC39E00FE47B8 /* ViewController.swift */,
				C27D20BA1E1FC39E00FE47B8 /* Main.storyboard */,
				C27D20BD1E1FC39E00FE47B8 /* Assets.xcassets */,
				C27D20BF1E1FC39E00FE47B8 /* LaunchScreen.storyboard */,
				C27D20C21E1FC39E00FE47B8 /* Info.plist */,
			);
			path = RetroCalculator;
			sourceTree = "<group>";
		};
		C27D20CA1E1FC39E00FE47B8 /* RetroCalculatorTests */ = {
			isa = PBXGroup;
			children = (
				C27D20CB1E1FC39E00FE47B8 /* RetroCalculatorTests.swift */,
				C27D20CD1E1FC39E00FE47B8 /* Info.plist */,
			);
			path = RetroCalculatorTests;
			sourceTree = "<group>";
		};
		C27D20D51E1FC39E00FE47B8 /* RetroCalculatorUITests */ = {
			isa = PBXGroup;
			children = (
				C27D20D61E1FC39E00FE47B8 /* RetroCalculatorUITests.swift */,
				C27D20D81E1FC39E00FE47B8 /* Info.plist */,
			);
			path = RetroCalculatorUITests;
			sourceTree = "<group>";
		};
/* End PBXGroup section */

/* Begin PBXNativeTarget section */
		C27D20B21E1FC39E00FE47B8 /* RetroCalculator */ = {
			isa = PBXNativeTarget;
			buildConfigurationList = C27D20DB1E1FC39E00FE47B8 /* Build configuration list for PBXNativeTarget "RetroCalculator" */;
			buildPhases = (
				C27D20AF1E1FC39E00FE47B8 /* Sources */,
				C27D20B01E1FC39E00FE47B8 /* Frameworks */,
				C27D20B11E1FC39E00FE47B8 /* Resources */,
			);
			buildRules = (
			);
			dependencies = (
			);
			name = RetroCalculator;
			productName = RetroCalculator;
			productReference = C27D20B31E1FC39E00FE47B8 /* RetroCalculator.app */;
			productType = "com.apple.product-type.application";
		};
		C27D20C61E1FC39E00FE47B8 /* RetroCalculatorTests */ = {
			isa = PBXNativeTarget;
			buildConfigurationList = C27D20DE1E1FC39E00FE47B8 /* Build configuration list for PBXNativeTarget "RetroCalculatorTests" */;
			buildPhases = (
				C27D20C31E1FC39E00FE47B8 /* Sources */,
				C27D20C41E1FC39E00FE47B8 /* Frameworks */,
				C27D20C51E1FC39E00FE47B8 /* Resources */,
			);
			buildRules = (
			);
			dependencies = (
				C27D20C91E1FC39E00FE47B8 /* PBXTargetDependency */,
			);
			name = RetroCalculatorTests;
			productName = RetroCalculatorTests;
			productReference = C27D20C71E1FC39E00FE47B8 /* RetroCalculatorTests.xctest */;
			productType = "com.apple.product-type.bundle.unit-test";
		};
		C27D20D11E1FC39E00FE47B8 /* RetroCalculatorUITests */ = {
			isa = PBXNativeTarget;
			buildConfigurationList = C27D20E11E1FC39E00FE47B8 /* Build configuration list for PBXNativeTarget "RetroCalculatorUITests" */;
			buildPhases = (
				C27D20CE1E1FC39E00FE47B8 /* Sources */,
				C27D20CF1E1FC39E00FE47B8 /* Frameworks */,
				C27D20D01E1FC39E00FE47B8 /* Resources */,
			);
			buildRules = (
			);
			dependencies = (
				C27D20D41E1FC39E00FE47B8 /* PBXTargetDependency */,
			);
			name = RetroCalculatorUITests;
			productName = RetroCalculatorUITests;
			productReference = C27D20D21E1FC39E00FE47B8 /* RetroCalculatorUITests.xctest */;
			productType = "com.apple.product-type.bundle.ui-testing";
		};
/* End PBXNativeTarget section */

/* Begin PBXProject section */
		C27D20AB1E1FC39E00FE47B8 /* Project object */ = {
			isa = PBXProject;
			attributes = {
				LastSwiftUpdateCheck = 0820;
				LastUpgradeCheck = 0820;
				ORGANIZATIONNAME = Novotek;
				TargetAttributes = {
					C27D20B21E1FC39E00FE47B8 = {
						CreatedOnToolsVersion = 8.2;
						ProvisioningStyle = Automatic;
					};
					C27D20C61E1FC39E00FE47B8 = {
						CreatedOnToolsVersion = 8.2;
						ProvisioningStyle = Automatic;
						TestTargetID = C27D20B21E1FC39E00FE47B8;
					};
					C27D20D11E1FC39E00FE47B8 = {
						CreatedOnToolsVersion = 8.2;
						ProvisioningStyle = Automatic;
						TestTargetID = C27D20B21E1FC39E00FE47B8;
					};
				};
			};
			buildConfigurationList = C27D20AE1E1FC39E00FE47B8 /* Build configuration list for PBXProject "RetroCalculator" */;
			compatibilityVersion = "Xcode 3.2";
			developmentRegion = English;
			hasScannedForEncodings = 0;
			knownRegions = (
				en,
				Base,
			);
			mainGroup = C27D20AA1E1FC39E00FE47B8;
			productRefGroup = C27D20B41E1FC39E00FE47B8 /* Products */;
			projectDirPath = "";
			projectRoot = "";
			targets = (
				C27D20B21E1FC39E00FE47B8 /* RetroCalculator */,
				C27D20C61E1FC39E00FE47B8 /* RetroCalculatorTests */,
				C27D20D11E1FC39E00FE47B8 /* RetroCalculatorUITests */,
			);
		};
/* End PBXProject section */

/* Begin PBXResourcesBuildPhase section */
		C27D20B11E1FC39E00FE47B8 /* Resources */ = {
			isa = PBXResourcesBuildPhase;
			buildActionMask = 2147483647;
			files = (
				C27D20C11E1FC39E00FE47B8 /* LaunchScreen.storyboard in Resources */,
				C27D20BE1E1FC39E00FE47B8 /* Assets.xcassets in Resources */,
				C27D20BC1E1FC39E00FE47B8 /* Main.storyboard in Resources */,
			);
			runOnlyForDeploymentPostprocessing = 0;
		};
		C27D20C51E1FC39E00FE47B8 /* Resources */ = {
			isa = PBXResourcesBuildPhase;
			buildActionMask = 2147483647;
			files = (
			);
			runOnlyForDeploymentPostprocessing = 0;
		};
		C27D20D01E1FC39E00FE47B8 /* Resources */ = {
			isa = PBXResourcesBuildPhase;
			buildActionMask = 2147483647;
			files = (
			);
			runOnlyForDeploymentPostprocessing = 0;
		};
/* End PBXResourcesBuildPhase section */

/* Begin PBXSourcesBuildPhase section */
		C27D20AF1E1FC39E00FE47B8 /* Sources */ = {
			isa = PBXSourcesBuildPhase;
			buildActionMask = 2147483647;
			files = (
				C27D20B91E1FC39E00FE47B8 /* ViewController.swift in Sources */,
				C27D20B71E1FC39E00FE47B8 /* AppDelegate.swift in Sources */,
			);
			runOnlyForDeploymentPostprocessing = 0;
		};
		C27D20C31E1FC39E00FE47B8 /* Sources */ = {
			isa = PBXSourcesBuildPhase;
			buildActionMask = 2147483647;
			files = (
				C27D20CC1E1FC39E00FE47B8 /* RetroCalculatorTests.swift in Sources */,
			);
			runOnlyForDeploymentPostprocessing = 0;
		};
		C27D20CE1E1FC39E00FE47B8 /* Sources */ = {
			isa = PBXSourcesBuildPhase;
			buildActionMask = 2147483647;
			files = (
				C27D20D71E1FC39E00FE47B8 /* RetroCalculatorUITests.swift in Sources */,
			);
			runOnlyForDeploymentPostprocessing = 0;
		};
/* End PBXSourcesBuildPhase section */

/* Begin PBXTargetDependency section */
		C27D20C91E1FC39E00FE47B8 /* PBXTargetDependency */ = {
			isa = PBXTargetDependency;
			target = C27D20B21E1FC39E00FE47B8 /* RetroCalculator */;
			targetProxy = C27D20C81E1FC39E00FE47B8 /* PBXContainerItemProxy */;
		};
		C27D20D41E1FC39E00FE47B8 /* PBXTargetDependency */ = {
			isa = PBXTargetDependency;
			target = C27D20B21E1FC39E00FE47B8 /* RetroCalculator */;
			targetProxy = C27D20D31E1FC39E00FE47B8 /* PBXContainerItemProxy */;
		};
/* End PBXTargetDependency section */

/* Begin PBXVariantGroup section */
		C27D20BA1E1FC39E00FE47B8 /* Main.storyboard */ = {
			isa = PBXVariantGroup;
			children = (
				C27D20BB1E1FC39E00FE47B8 /* Base */,
			);
			name = Main.storyboard;
			sourceTree = "<group>";
		};
		C27D20BF1E1FC39E00FE47B8 /* LaunchScreen.storyboard */ = {
			isa = PBXVariantGroup;
			children = (
				C27D20C01E1FC39E00FE47B8 /* Base */,
			);
			name = LaunchScreen.storyboard;
			sourceTree = "<group>";
		};
/* End PBXVariantGroup section */

/* Begin XCBuildConfiguration section */
		C27D20D91E1FC39E00FE47B8 /* Debug */ = {
			isa = XCBuildConfiguration;
			buildSettings = {
				ALWAYS_SEARCH_USER_PATHS = NO;
				CLANG_ANALYZER_NONNULL = YES;
				CLANG_CXX_LANGUAGE_STANDARD = "gnu++0x";
				CLANG_CXX_LIBRARY = "libc++";
				CLANG_ENABLE_MODULES = YES;
				CLANG_ENABLE_OBJC_ARC = YES;
				CLANG_WARN_BOOL_CONVERSION = YES;
				CLANG_WARN_CONSTANT_CONVERSION = YES;
				CLANG_WARN_DIRECT_OBJC_ISA_USAGE = YES_ERROR;
				CLANG_WARN_DOCUMENTATION_COMMENTS = YES;
				CLANG_WARN_EMPTY_BODY = YES;
				CLANG_WARN_ENUM_CONVERSION = YES;
				CLANG_WARN_INFINITE_RECURSION = YES;
				CLANG_WARN_INT_CONVERSION = YES;
				CLANG_WARN_OBJC_ROOT_CLASS = YES_ERROR;
				CLANG_WARN_SUSPICIOUS_MOVE = YES;
				CLANG_WARN_UNREACHABLE_CODE = YES;
				CLANG_WARN__DUPLICATE_METHOD_MATCH = YES;
				"CODE_SIGN_IDENTITY[sdk=iphoneos*]" = "iPhone Developer";
				COPY_PHASE_STRIP = NO;
				DEBUG_INFORMATION_FORMAT = dwarf;
				ENABLE_STRICT_OBJC_MSGSEND = YES;
				ENABLE_TESTABILITY = YES;
				GCC_C_LANGUAGE_STANDARD = gnu99;
				GCC_DYNAMIC_NO_PIC = NO;
				GCC_NO_COMMON_BLOCKS = YES;
				GCC_OPTIMIZATION_LEVEL = 0;
				GCC_PREPROCESSOR_DEFINITIONS = (
					"DEBUG=1",
					"$(inherited)",
				);
				GCC_WARN_64_TO_32_BIT_CONVERSION = YES;
				GCC_WARN_ABOUT_RETURN_TYPE = YES_ERROR;
				GCC_WARN_UNDECLARED_SELECTOR = YES;
				GCC_WARN_UNINITIALIZED_AUTOS = YES_AGGRESSIVE;
				GCC_WARN_UNUSED_FUNCTION = YES;
				GCC_WARN_UNUSED_VARIABLE = YES;
				IPHONEOS_DEPLOYMENT_TARGET = 10.2;
				MTL_ENABLE_DEBUG_INFO = YES;
				ONLY_ACTIVE_ARCH = YES;
				SDKROOT = iphoneos;
				SWIFT_ACTIVE_COMPILATION_CONDITIONS = DEBUG;
				SWIFT_OPTIMIZATION_LEVEL = "-Onone";
				TARGETED_DEVICE_FAMILY = "1,2";
			};
			name = Debug;
		};
		C27D20DA1E1FC39E00FE47B8 /* Release */ = {
			isa = XCBuildConfiguration;
			buildSettings = {
				ALWAYS_SEARCH_USER_PATHS = NO;
				CLANG_ANALYZER_NONNULL = YES;
				CLANG_CXX_LANGUAGE_STANDARD = "gnu++0x";
				CLANG_CXX_LIBRARY = "libc++";
				CLANG_ENABLE_MODULES = YES;
				CLANG_ENABLE_OBJC_ARC = YES;
				CLANG_WARN_BOOL_CONVERSION = YES;
				CLANG_WARN_CONSTANT_CONVERSION = YES;
				CLANG_WARN_DIRECT_OBJC_ISA_USAGE = YES_ERROR;
				CLANG_WARN_DOCUMENTATION_COMMENTS = YES;
				CLANG_WARN_EMPTY_BODY = YES;
				CLANG_WARN_ENUM_CONVERSION = YES;
				CLANG_WARN_INFINITE_RECURSION = YES;
				CLANG_WARN_INT_CONVERSION = YES;
				CLANG_WARN_OBJC_ROOT_CLASS = YES_ERROR;
				CLANG_WARN_SUSPICIOUS_MOVE = YES;
				CLANG_WARN_UNREACHABLE_CODE = YES;
				CLANG_WARN__DUPLICATE_METHOD_MATCH = YES;
				"CODE_SIGN_IDENTITY[sdk=iphoneos*]" = "iPhone Developer";
				COPY_PHASE_STRIP = NO;
				DEBUG_INFORMATION_FORMAT = "dwarf-with-dsym";
				ENABLE_NS_ASSERTIONS = NO;
				ENABLE_STRICT_OBJC_MSGSEND = YES;
				GCC_C_LANGUAGE_STANDARD = gnu99;
				GCC_NO_COMMON_BLOCKS = YES;
				GCC_WARN_64_TO_32_BIT_CONVERSION = YES;
				GCC_WARN_ABOUT_RETURN_TYPE = YES_ERROR;
				GCC_WARN_UNDECLARED_SELECTOR = YES;
				GCC_WARN_UNINITIALIZED_AUTOS = YES_AGGRESSIVE;
				GCC_WARN_UNUSED_FUNCTION = YES;
				GCC_WARN_UNUSED_VARIABLE = YES;
				IPHONEOS_DEPLOYMENT_TARGET = 10.2;
				MTL_ENABLE_DEBUG_INFO = NO;
				SDKROOT = iphoneos;
				SWIFT_OPTIMIZATION_LEVEL = "-Owholemodule";
				TARGETED_DEVICE_FAMILY = "1,2";
				VALIDATE_PRODUCT = YES;
			};
			name = Release;
		};
		C27D20DC1E1FC39E00FE47B8 /* Debug */ = {
			isa = XCBuildConfiguration;
			buildSettings = {
				ASSETCATALOG_COMPILER_APPICON_NAME = AppIcon;
				INFOPLIST_FILE = RetroCalculator/Info.plist;
				LD_RUNPATH_SEARCH_PATHS = "$(inherited) @executable_path/Frameworks";
				PRODUCT_BUNDLE_IDENTIFIER = com.novotek.RetroCalculator;
				PRODUCT_NAME = "$(TARGET_NAME)";
				SWIFT_VERSION = 3.0;
			};
			name = Debug;
		};
		C27D20DD1E1FC39E00FE47B8 /* Release */ = {
			isa = XCBuildConfiguration;
			buildSettings = {
				ASSETCATALOG_COMPILER_APPICON_NAME = AppIcon;
				INFOPLIST_FILE = RetroCalculator/Info.plist;
				LD_RUNPATH_SEARCH_PATHS = "$(inherited) @executable_path/Frameworks";
				PRODUCT_BUNDLE_IDENTIFIER = com.novotek.RetroCalculator;
				PRODUCT_NAME = "$(TARGET_NAME)";
				SWIFT_VERSION = 3.0;
			};
			name = Release;
		};
		C27D20DF1E1FC39E00FE47B8 /* Debug */ = {
			isa = XCBuildConfiguration;
			buildSettings = {
				ALWAYS_EMBED_SWIFT_STANDARD_LIBRARIES = YES;
				BUNDLE_LOADER = "$(TEST_HOST)";
				INFOPLIST_FILE = RetroCalculatorTests/Info.plist;
				LD_RUNPATH_SEARCH_PATHS = "$(inherited) @executable_path/Frameworks @loader_path/Frameworks";
				PRODUCT_BUNDLE_IDENTIFIER = com.novotek.RetroCalculatorTests;
				PRODUCT_NAME = "$(TARGET_NAME)";
				SWIFT_VERSION = 3.0;
				TEST_HOST = "$(BUILT_PRODUCTS_DIR)/RetroCalculator.app/RetroCalculator";
			};
			name = Debug;
		};
		C27D20E01E1FC39E00FE47B8 /* Release */ = {
			isa = XCBuildConfiguration;
			buildSettings = {
				ALWAYS_EMBED_SWIFT_STANDARD_LIBRARIES = YES;
				BUNDLE_LOADER = "$(TEST_HOST)";
				INFOPLIST_FILE = RetroCalculatorTests/Info.plist;
				LD_RUNPATH_SEARCH_PATHS = "$(inherited) @executable_path/Frameworks @loader_path/Frameworks";
				PRODUCT_BUNDLE_IDENTIFIER = com.novotek.RetroCalculatorTests;
				PRODUCT_NAME = "$(TARGET_NAME)";
				SWIFT_VERSION = 3.0;
				TEST_HOST = "$(BUILT_PRODUCTS_DIR)/RetroCalculator.app/RetroCalculator";
			};
			name = Release;
		};
		C27D20E21E1FC39E00FE47B8 /* Debug */ = {
			isa = XCBuildConfiguration;
			buildSettings = {
				ALWAYS_EMBED_SWIFT_STANDARD_LIBRARIES = YES;
				INFOPLIST_FILE = RetroCalculatorUITests/Info.plist;
				LD_RUNPATH_SEARCH_PATHS = "$(inherited) @executable_path/Frameworks @loader_path/Frameworks";
				PRODUCT_BUNDLE_IDENTIFIER = com.novotek.RetroCalculatorUITests;
				PRODUCT_NAME = "$(TARGET_NAME)";
				SWIFT_VERSION = 3.0;
				TEST_TARGET_NAME = RetroCalculator;
			};
			name = Debug;
		};
		C27D20E31E1FC39E00FE47B8 /* Release */ = {
			isa = XCBuildConfiguration;
			buildSettings = {
				ALWAYS_EMBED_SWIFT_STANDARD_LIBRARIES = YES;
				INFOPLIST_FILE = RetroCalculatorUITests/Info.plist;
				LD_RUNPATH_SEARCH_PATHS = "$(inherited) @executable_path/Frameworks @loader_path/Frameworks";
				PRODUCT_BUNDLE_IDENTIFIER = com.novotek.RetroCalculatorUITests;
				PRODUCT_NAME = "$(TARGET_NAME)";
				SWIFT_VERSION = 3.0;
				TEST_TARGET_NAME = RetroCalculator;
			};
			name = Release;
		};
/* End XCBuildConfiguration section */

/* Begin XCConfigurationList section */
		C27D20AE1E1FC39E00FE47B8 /* Build configuration list for PBXProject "RetroCalculator" */ = {
			isa = XCConfigurationList;
			buildConfigurations = (
				C27D20D91E1FC39E00FE47B8 /* Debug */,
				C27D20DA1E1FC39E00FE47B8 /* Release */,
			);
			defaultConfigurationIsVisible = 0;
			defaultConfigurationName = Release;
		};
		C27D20DB1E1FC39E00FE47B8 /* Build configuration list for PBXNativeTarget "RetroCalculator" */ = {
			isa = XCConfigurationList;
			buildConfigurations = (
				C27D20DC1E1FC39E00FE47B8 /* Debug */,
				C27D20DD1E1FC39E00FE47B8 /* Release */,
			);
			defaultConfigurationIsVisible = 0;
		};
		C27D20DE1E1FC39E00FE47B8 /* Build configuration list for PBXNativeTarget "RetroCalculatorTests" */ = {
			isa = XCConfigurationList;
			buildConfigurations = (
				C27D20DF1E1FC39E00FE47B8 /* Debug */,
				C27D20E01E1FC39E00FE47B8 /* Release */,
			);
			defaultConfigurationIsVisible = 0;
		};
		C27D20E11E1FC39E00FE47B8 /* Build configuration list for PBXNativeTarget "RetroCalculatorUITests" */ = {
			isa = XCConfigurationList;
			buildConfigurations = (
				C27D20E21E1FC39E00FE47B8 /* Debug */,
				C27D20E31E1FC39E00FE47B8 /* Release */,
			);
			defaultConfigurationIsVisible = 0;
		};
/* End XCConfigurationList section */
	};
	rootObject = C27D20AB1E1FC39E00FE47B8 /* Project object */;
}
